
Microsoft Visual Studio Solution File, Format Version 12.00
# Visual Studio Version 17
VisualStudioVersion = 17.3.32929.385
MinimumVisualStudioVersion = 10.0.40219.1
Project("{8BC9CEB8-8B4A-11D0-8D11-00A0C91BC942}") = "BTH04", "BTH04\BTH04.vcxproj", "{FC5675E1-F051-4B6B-B479-9EB3DF680EF7}"
EndProject
Global
	GlobalSection(SolutionConfigurationPlatforms) = preSolution
		Debug|x64 = Debug|x64
		Debug|x86 = Debug|x86
		Release|x64 = Release|x64
		Release|x86 = Release|x86
	EndGlobalSection
	GlobalSection(ProjectConfigurationPlatforms) = postSolution
		{FC5675E1-F051-4B6B-B479-9EB3DF680EF7}.Debug|x64.ActiveCfg = Debug|x64
		{FC5675E1-F051-4B6B-B479-9EB3DF680EF7}.Debug|x64.Build.0 = Debug|x64
		{FC5675E1-F051-4B6B-B479-9EB3DF680EF7}.Debug|x86.ActiveCfg = Debug|Win32
		{FC5675E1-F051-4B6B-B479-9EB3DF680EF7}.Debug|x86.Build.0 = Debug|Win32
		{FC5675E1-F051-4B6B-B479-9EB3DF680EF7}.Release|x64.ActiveCfg = Release|x64
		{FC5675E1-F051-4B6B-B479-9EB3DF680EF7}.Release|x64.Build.0 = Release|x64
		{FC5675E1-F051-4B6B-B479-9EB3DF680EF7}.Release|x86.ActiveCfg = Release|Win32
		{FC5675E1-F051-4B6B-B479-9EB3DF680EF7}.Release|x86.Build.0 = Release|Win32
	EndGlobalSection
	GlobalSection(SolutionProperties) = preSolution
		HideSolutionNode = FALSE
	EndGlobalSection
	GlobalSection(ExtensibilityGlobals) = postSolution
		SolutionGuid = {5E3EC7A8-1846-4C21-8EA4-B22E1333A65D}
	EndGlobalSection
EndGlobal
